
Microsoft Visual Studio Solution File, Format Version 12.00
# Visual Studio Version 17
VisualStudioVersion = 17.7.34221.43
MinimumVisualStudioVersion = 10.0.40219.1
Project("{FAE04EC0-301F-11D3-BF4B-00C04F79EFBC}") = "API2", "API2.csproj", "{187DC17E-2398-4740-899C-46D2F8889BF1}"
EndProject
Project("{2150E333-8FDC-42A3-9474-1A3956D46DE8}") = "Sql", "Sql", "{1CE6F635-0790-45AF-A140-2446E20172B2}"
	ProjectSection(SolutionItems) = preProject
		C:\Users\59011-82-01\Downloads\football(1).sql = C:\Users\59011-82-01\Downloads\football(1).sql
	EndProjectSection
EndProject
Global
	GlobalSection(SolutionConfigurationPlatforms) = preSolution
		Debug|Any CPU = Debug|Any CPU
		Release|Any CPU = Release|Any CPU
	EndGlobalSection
	GlobalSection(ProjectConfigurationPlatforms) = postSolution
		{187DC17E-2398-4740-899C-46D2F8889BF1}.Debug|Any CPU.ActiveCfg = Debug|Any CPU
		{187DC17E-2398-4740-899C-46D2F8889BF1}.Debug|Any CPU.Build.0 = Debug|Any CPU
		{187DC17E-2398-4740-899C-46D2F8889BF1}.Release|Any CPU.ActiveCfg = Release|Any CPU
		{187DC17E-2398-4740-899C-46D2F8889BF1}.Release|Any CPU.Build.0 = Release|Any CPU
	EndGlobalSection
	GlobalSection(SolutionProperties) = preSolution
		HideSolutionNode = FALSE
	EndGlobalSection
	GlobalSection(ExtensibilityGlobals) = postSolution
		SolutionGuid = {36FDEDB0-4BAA-47B4-9E45-5C246A6A9DCB}
	EndGlobalSection
EndGlobal
