
Microsoft Visual Studio Solution File, Format Version 12.00
# Visual Studio Version 17
VisualStudioVersion = 17.7.34221.43
MinimumVisualStudioVersion = 10.0.40219.1
Project("{FAE04EC0-301F-11D3-BF4B-00C04F79EFBC}") = "WpfScaffoldFootball", "WpfScaffoldFootball.csproj", "{F9422D70-BCC3-44B1-A632-B68AC8EEC0B8}"
EndProject
Global
	GlobalSection(SolutionConfigurationPlatforms) = preSolution
		Debug|Any CPU = Debug|Any CPU
		Release|Any CPU = Release|Any CPU
	EndGlobalSection
	GlobalSection(ProjectConfigurationPlatforms) = postSolution
		{F9422D70-BCC3-44B1-A632-B68AC8EEC0B8}.Debug|Any CPU.ActiveCfg = Debug|Any CPU
		{F9422D70-BCC3-44B1-A632-B68AC8EEC0B8}.Debug|Any CPU.Build.0 = Debug|Any CPU
		{F9422D70-BCC3-44B1-A632-B68AC8EEC0B8}.Release|Any CPU.ActiveCfg = Release|Any CPU
		{F9422D70-BCC3-44B1-A632-B68AC8EEC0B8}.Release|Any CPU.Build.0 = Release|Any CPU
	EndGlobalSection
	GlobalSection(SolutionProperties) = preSolution
		HideSolutionNode = FALSE
	EndGlobalSection
	GlobalSection(ExtensibilityGlobals) = postSolution
		SolutionGuid = {B465ABE1-3CBF-4CA1-B87E-81DD318DF309}
	EndGlobalSection
EndGlobal
