
Microsoft Visual Studio Solution File, Format Version 12.00
# Visual Studio Version 17
VisualStudioVersion = 17.7.34221.43
MinimumVisualStudioVersion = 10.0.40219.1
Project("{FAE04EC0-301F-11D3-BF4B-00C04F79EFBC}") = "WpfApp2", "WpfApp2.csproj", "{0B7FFFFE-D1A9-4F1F-BC77-C9589124F2C5}"
EndProject
Global
	GlobalSection(SolutionConfigurationPlatforms) = preSolution
		Debug|Any CPU = Debug|Any CPU
		Release|Any CPU = Release|Any CPU
	EndGlobalSection
	GlobalSection(ProjectConfigurationPlatforms) = postSolution
		{0B7FFFFE-D1A9-4F1F-BC77-C9589124F2C5}.Debug|Any CPU.ActiveCfg = Debug|Any CPU
		{0B7FFFFE-D1A9-4F1F-BC77-C9589124F2C5}.Debug|Any CPU.Build.0 = Debug|Any CPU
		{0B7FFFFE-D1A9-4F1F-BC77-C9589124F2C5}.Release|Any CPU.ActiveCfg = Release|Any CPU
		{0B7FFFFE-D1A9-4F1F-BC77-C9589124F2C5}.Release|Any CPU.Build.0 = Release|Any CPU
	EndGlobalSection
	GlobalSection(SolutionProperties) = preSolution
		HideSolutionNode = FALSE
	EndGlobalSection
	GlobalSection(ExtensibilityGlobals) = postSolution
		SolutionGuid = {686252BF-921A-48C1-9480-5DA727F4075B}
	EndGlobalSection
EndGlobal
