
Microsoft Visual Studio Solution File, Format Version 12.00
# Visual Studio Version 17
VisualStudioVersion = 17.7.34221.43
MinimumVisualStudioVersion = 10.0.40219.1
Project("{FAE04EC0-301F-11D3-BF4B-00C04F79EFBC}") = "datagrid", "datagrid.csproj", "{CD3F3A1D-361F-4F2C-9E85-D6954FA73842}"
EndProject
Global
	GlobalSection(SolutionConfigurationPlatforms) = preSolution
		Debug|Any CPU = Debug|Any CPU
		Release|Any CPU = Release|Any CPU
	EndGlobalSection
	GlobalSection(ProjectConfigurationPlatforms) = postSolution
		{CD3F3A1D-361F-4F2C-9E85-D6954FA73842}.Debug|Any CPU.ActiveCfg = Debug|Any CPU
		{CD3F3A1D-361F-4F2C-9E85-D6954FA73842}.Debug|Any CPU.Build.0 = Debug|Any CPU
		{CD3F3A1D-361F-4F2C-9E85-D6954FA73842}.Release|Any CPU.ActiveCfg = Release|Any CPU
		{CD3F3A1D-361F-4F2C-9E85-D6954FA73842}.Release|Any CPU.Build.0 = Release|Any CPU
	EndGlobalSection
	GlobalSection(SolutionProperties) = preSolution
		HideSolutionNode = FALSE
	EndGlobalSection
	GlobalSection(ExtensibilityGlobals) = postSolution
		SolutionGuid = {381523A7-4004-4646-9D22-3BADC027CA45}
	EndGlobalSection
EndGlobal
