
Microsoft Visual Studio Solution File, Format Version 12.00
# Visual Studio Version 17
VisualStudioVersion = 17.7.34221.43
MinimumVisualStudioVersion = 10.0.40219.1
Project("{FAE04EC0-301F-11D3-BF4B-00C04F79EFBC}") = "gestion d' un crud", "gestion d' un crud.csproj", "{BAFAD0F9-0C74-4F20-B599-166460A0423C}"
EndProject
Global
	GlobalSection(SolutionConfigurationPlatforms) = preSolution
		Debug|Any CPU = Debug|Any CPU
		Release|Any CPU = Release|Any CPU
	EndGlobalSection
	GlobalSection(ProjectConfigurationPlatforms) = postSolution
		{BAFAD0F9-0C74-4F20-B599-166460A0423C}.Debug|Any CPU.ActiveCfg = Debug|Any CPU
		{BAFAD0F9-0C74-4F20-B599-166460A0423C}.Debug|Any CPU.Build.0 = Debug|Any CPU
		{BAFAD0F9-0C74-4F20-B599-166460A0423C}.Release|Any CPU.ActiveCfg = Release|Any CPU
		{BAFAD0F9-0C74-4F20-B599-166460A0423C}.Release|Any CPU.Build.0 = Release|Any CPU
	EndGlobalSection
	GlobalSection(SolutionProperties) = preSolution
		HideSolutionNode = FALSE
	EndGlobalSection
	GlobalSection(ExtensibilityGlobals) = postSolution
		SolutionGuid = {C5F259D1-58C3-481D-AD27-F703FCD0EB28}
	EndGlobalSection
EndGlobal
