
Microsoft Visual Studio Solution File, Format Version 12.00
# Visual Studio Version 17
VisualStudioVersion = 17.7.34221.43
MinimumVisualStudioVersion = 10.0.40219.1
Project("{FAE04EC0-301F-11D3-BF4B-00C04F79EFBC}") = "geometrie", "geometrie.csproj", "{0F136481-0C0E-4AF0-B75A-0667FD257E8F}"
EndProject
Global
	GlobalSection(SolutionConfigurationPlatforms) = preSolution
		Debug|Any CPU = Debug|Any CPU
		Release|Any CPU = Release|Any CPU
	EndGlobalSection
	GlobalSection(ProjectConfigurationPlatforms) = postSolution
		{0F136481-0C0E-4AF0-B75A-0667FD257E8F}.Debug|Any CPU.ActiveCfg = Debug|Any CPU
		{0F136481-0C0E-4AF0-B75A-0667FD257E8F}.Debug|Any CPU.Build.0 = Debug|Any CPU
		{0F136481-0C0E-4AF0-B75A-0667FD257E8F}.Release|Any CPU.ActiveCfg = Release|Any CPU
		{0F136481-0C0E-4AF0-B75A-0667FD257E8F}.Release|Any CPU.Build.0 = Release|Any CPU
	EndGlobalSection
	GlobalSection(SolutionProperties) = preSolution
		HideSolutionNode = FALSE
	EndGlobalSection
	GlobalSection(ExtensibilityGlobals) = postSolution
		SolutionGuid = {8F804F78-7D38-461A-ABA0-CBFDCD709A6B}
	EndGlobalSection
EndGlobal
