
Microsoft Visual Studio Solution File, Format Version 12.00
# Visual Studio Version 17
VisualStudioVersion = 17.7.34221.43
MinimumVisualStudioVersion = 10.0.40219.1
Project("{FAE04EC0-301F-11D3-BF4B-00C04F79EFBC}") = "API1", "API1.csproj", "{6A2CFCCC-A908-4D28-8D8F-C90BC5862912}"
EndProject
Global
	GlobalSection(SolutionConfigurationPlatforms) = preSolution
		Debug|Any CPU = Debug|Any CPU
		Release|Any CPU = Release|Any CPU
	EndGlobalSection
	GlobalSection(ProjectConfigurationPlatforms) = postSolution
		{6A2CFCCC-A908-4D28-8D8F-C90BC5862912}.Debug|Any CPU.ActiveCfg = Debug|Any CPU
		{6A2CFCCC-A908-4D28-8D8F-C90BC5862912}.Debug|Any CPU.Build.0 = Debug|Any CPU
		{6A2CFCCC-A908-4D28-8D8F-C90BC5862912}.Release|Any CPU.ActiveCfg = Release|Any CPU
		{6A2CFCCC-A908-4D28-8D8F-C90BC5862912}.Release|Any CPU.Build.0 = Release|Any CPU
	EndGlobalSection
	GlobalSection(SolutionProperties) = preSolution
		HideSolutionNode = FALSE
	EndGlobalSection
	GlobalSection(ExtensibilityGlobals) = postSolution
		SolutionGuid = {AD1389E8-F4D1-453F-A4B0-6A45FB888B24}
	EndGlobalSection
EndGlobal
