
Microsoft Visual Studio Solution File, Format Version 12.00
# Visual Studio Version 17
VisualStudioVersion = 17.7.34221.43
MinimumVisualStudioVersion = 10.0.40219.1
Project("{FAE04EC0-301F-11D3-BF4B-00C04F79EFBC}") = "ModelClientsArticles", "ModelClientsArticles.csproj", "{952B7709-64DB-4068-8A8C-4AC684203F2F}"
EndProject
Global
	GlobalSection(SolutionConfigurationPlatforms) = preSolution
		Debug|Any CPU = Debug|Any CPU
		Release|Any CPU = Release|Any CPU
	EndGlobalSection
	GlobalSection(ProjectConfigurationPlatforms) = postSolution
		{952B7709-64DB-4068-8A8C-4AC684203F2F}.Debug|Any CPU.ActiveCfg = Debug|Any CPU
		{952B7709-64DB-4068-8A8C-4AC684203F2F}.Debug|Any CPU.Build.0 = Debug|Any CPU
		{952B7709-64DB-4068-8A8C-4AC684203F2F}.Release|Any CPU.ActiveCfg = Release|Any CPU
		{952B7709-64DB-4068-8A8C-4AC684203F2F}.Release|Any CPU.Build.0 = Release|Any CPU
	EndGlobalSection
	GlobalSection(SolutionProperties) = preSolution
		HideSolutionNode = FALSE
	EndGlobalSection
	GlobalSection(ExtensibilityGlobals) = postSolution
		SolutionGuid = {BE6BD536-9814-41CF-9EAD-C49AB73E8365}
	EndGlobalSection
EndGlobal
