
Microsoft Visual Studio Solution File, Format Version 12.00
# Visual Studio Version 17
VisualStudioVersion = 17.7.34221.43
MinimumVisualStudioVersion = 10.0.40219.1
Project("{FAE04EC0-301F-11D3-BF4B-00C04F79EFBC}") = "WpfStock", "WpfStock.csproj", "{F841FE4E-31F6-4BB4-BF87-8D653BE6F3D4}"
EndProject
Global
	GlobalSection(SolutionConfigurationPlatforms) = preSolution
		Debug|Any CPU = Debug|Any CPU
		Release|Any CPU = Release|Any CPU
	EndGlobalSection
	GlobalSection(ProjectConfigurationPlatforms) = postSolution
		{F841FE4E-31F6-4BB4-BF87-8D653BE6F3D4}.Debug|Any CPU.ActiveCfg = Debug|Any CPU
		{F841FE4E-31F6-4BB4-BF87-8D653BE6F3D4}.Debug|Any CPU.Build.0 = Debug|Any CPU
		{F841FE4E-31F6-4BB4-BF87-8D653BE6F3D4}.Release|Any CPU.ActiveCfg = Release|Any CPU
		{F841FE4E-31F6-4BB4-BF87-8D653BE6F3D4}.Release|Any CPU.Build.0 = Release|Any CPU
	EndGlobalSection
	GlobalSection(SolutionProperties) = preSolution
		HideSolutionNode = FALSE
	EndGlobalSection
	GlobalSection(ExtensibilityGlobals) = postSolution
		SolutionGuid = {054072D6-A2D2-40E4-BB62-7C4D904ABBF9}
	EndGlobalSection
EndGlobal
